
Microsoft Visual Studio Solution File, Format Version 12.00
# Visual Studio Version 16
VisualStudioVersion = 16.0.29911.84
MinimumVisualStudioVersion = 10.0.40219.1
Project("{FAE04EC0-301F-11D3-BF4B-00C04F79EFBC}") = "set4tm-console", "set4tm-console\set4tm-console.csproj", "{F9B9D7F1-7402-42F2-80A5-7005BB313995}"
EndProject
Global
	GlobalSection(SolutionConfigurationPlatforms) = preSolution
		Debug|Any CPU = Debug|Any CPU
		Release|Any CPU = Release|Any CPU
	EndGlobalSection
	GlobalSection(ProjectConfigurationPlatforms) = postSolution
		{F9B9D7F1-7402-42F2-80A5-7005BB313995}.Debug|Any CPU.ActiveCfg = Debug|Any CPU
		{F9B9D7F1-7402-42F2-80A5-7005BB313995}.Debug|Any CPU.Build.0 = Debug|Any CPU
		{F9B9D7F1-7402-42F2-80A5-7005BB313995}.Release|Any CPU.ActiveCfg = Release|Any CPU
		{F9B9D7F1-7402-42F2-80A5-7005BB313995}.Release|Any CPU.Build.0 = Release|Any CPU
	EndGlobalSection
	GlobalSection(SolutionProperties) = preSolution
		HideSolutionNode = FALSE
	EndGlobalSection
	GlobalSection(ExtensibilityGlobals) = postSolution
		SolutionGuid = {FB0F29E8-8767-4541-8F6F-654D575C7C67}
	EndGlobalSection
EndGlobal
